// !$*UTF8*$!
{
	archiveVersion = 1;
	classes = {
	};
	objectVersion = 56;
	objects = {

/* Begin PBXBuildFile section */
		73324D892C270A7B0083991F /* sui_tabs_boilerplateApp.swift in Sources */ = {isa = PBXBuildFile; fileRef = 73324D882C270A7B0083991F /* sui_tabs_boilerplateApp.swift */; };
		73324D8B2C270A7B0083991F /* ContentView.swift in Sources */ = {isa = PBXBuildFile; fileRef = 73324D8A2C270A7B0083991F /* ContentView.swift */; };
		73324D8D2C270A7C0083991F /* Assets.xcassets in Resources */ = {isa = PBXBuildFile; fileRef = 73324D8C2C270A7C0083991F /* Assets.xcassets */; };
		73324D902C270A7C0083991F /* Preview Assets.xcassets in Resources */ = {isa = PBXBuildFile; fileRef = 73324D8F2C270A7C0083991F /* Preview Assets.xcassets */; };
		73324D972C270AB10083991F /* TabsScreen.swift in Sources */ = {isa = PBXBuildFile; fileRef = 73324D962C270AB10083991F /* TabsScreen.swift */; };
		73324DA72C270CB60083991F /* Router.swift in Sources */ = {isa = PBXBuildFile; fileRef = 73324D9A2C270CB60083991F /* Router.swift */; };
		73324DA82C270CB60083991F /* TabRouter.swift in Sources */ = {isa = PBXBuildFile; fileRef = 73324D9B2C270CB60083991F /* TabRouter.swift */; };
		73324DA92C270CB60083991F /* Routes.protocol.swift in Sources */ = {isa = PBXBuildFile; fileRef = 73324D9D2C270CB60083991F /* Routes.protocol.swift */; };
		73324DAA2C270CB60083991F /* CommonRoutes.swift in Sources */ = {isa = PBXBuildFile; fileRef = 73324D9F2C270CB60083991F /* CommonRoutes.swift */; };
		73324DAB2C270CB60083991F /* Routes.swift in Sources */ = {isa = PBXBuildFile; fileRef = 73324DA02C270CB60083991F /* Routes.swift */; };
		73324DAC2C270CB60083991F /* Tabs.protocol.swift in Sources */ = {isa = PBXBuildFile; fileRef = 73324DA22C270CB60083991F /* Tabs.protocol.swift */; };
		73324DAD2C270CB60083991F /* Tabs.swift in Sources */ = {isa = PBXBuildFile; fileRef = 73324DA42C270CB60083991F /* Tabs.swift */; };
		73324DB02C27121A0083991F /* ExampleView.swift in Sources */ = {isa = PBXBuildFile; fileRef = 73324DAF2C27121A0083991F /* ExampleView.swift */; };
		73324DB22C2712300083991F /* ExampleViewWithData.swift in Sources */ = {isa = PBXBuildFile; fileRef = 73324DB12C2712300083991F /* ExampleViewWithData.swift */; };
		73324DB42C2712580083991F /* CommonView.swift in Sources */ = {isa = PBXBuildFile; fileRef = 73324DB32C2712580083991F /* CommonView.swift */; };
		73324DB62C2718CE0083991F /* NavigationHelperView.swift in Sources */ = {isa = PBXBuildFile; fileRef = 73324DB52C2718CE0083991F /* NavigationHelperView.swift */; };
		73324DB92C271AD50083991F /* DefaultRouters.swift in Sources */ = {isa = PBXBuildFile; fileRef = 73324DB82C271AD50083991F /* DefaultRouters.swift */; };
/* End PBXBuildFile section */

/* Begin PBXFileReference section */
		73324D852C270A7B0083991F /* sui-tabs-boilerplate.app */ = {isa = PBXFileReference; explicitFileType = wrapper.application; includeInIndex = 0; path = "sui-tabs-boilerplate.app"; sourceTree = BUILT_PRODUCTS_DIR; };
		73324D882C270A7B0083991F /* sui_tabs_boilerplateApp.swift */ = {isa = PBXFileReference; lastKnownFileType = sourcecode.swift; path = sui_tabs_boilerplateApp.swift; sourceTree = "<group>"; };
		73324D8A2C270A7B0083991F /* ContentView.swift */ = {isa = PBXFileReference; lastKnownFileType = sourcecode.swift; path = ContentView.swift; sourceTree = "<group>"; };
		73324D8C2C270A7C0083991F /* Assets.xcassets */ = {isa = PBXFileReference; lastKnownFileType = folder.assetcatalog; path = Assets.xcassets; sourceTree = "<group>"; };
		73324D8F2C270A7C0083991F /* Preview Assets.xcassets */ = {isa = PBXFileReference; lastKnownFileType = folder.assetcatalog; path = "Preview Assets.xcassets"; sourceTree = "<group>"; };
		73324D962C270AB10083991F /* TabsScreen.swift */ = {isa = PBXFileReference; lastKnownFileType = sourcecode.swift; path = TabsScreen.swift; sourceTree = "<group>"; };
		73324D9A2C270CB60083991F /* Router.swift */ = {isa = PBXFileReference; fileEncoding = 4; lastKnownFileType = sourcecode.swift; path = Router.swift; sourceTree = "<group>"; };
		73324D9B2C270CB60083991F /* TabRouter.swift */ = {isa = PBXFileReference; fileEncoding = 4; lastKnownFileType = sourcecode.swift; path = TabRouter.swift; sourceTree = "<group>"; };
		73324D9D2C270CB60083991F /* Routes.protocol.swift */ = {isa = PBXFileReference; fileEncoding = 4; lastKnownFileType = sourcecode.swift; path = Routes.protocol.swift; sourceTree = "<group>"; };
		73324D9F2C270CB60083991F /* CommonRoutes.swift */ = {isa = PBXFileReference; fileEncoding = 4; lastKnownFileType = sourcecode.swift; path = CommonRoutes.swift; sourceTree = "<group>"; };
		73324DA02C270CB60083991F /* Routes.swift */ = {isa = PBXFileReference; fileEncoding = 4; lastKnownFileType = sourcecode.swift; path = Routes.swift; sourceTree = "<group>"; };
		73324DA22C270CB60083991F /* Tabs.protocol.swift */ = {isa = PBXFileReference; fileEncoding = 4; lastKnownFileType = sourcecode.swift; path = Tabs.protocol.swift; sourceTree = "<group>"; };
		73324DA42C270CB60083991F /* Tabs.swift */ = {isa = PBXFileReference; fileEncoding = 4; lastKnownFileType = sourcecode.swift; path = Tabs.swift; sourceTree = "<group>"; };
		73324DAF2C27121A0083991F /* ExampleView.swift */ = {isa = PBXFileReference; lastKnownFileType = sourcecode.swift; path = ExampleView.swift; sourceTree = "<group>"; };
		73324DB12C2712300083991F /* ExampleViewWithData.swift */ = {isa = PBXFileReference; lastKnownFileType = sourcecode.swift; path = ExampleViewWithData.swift; sourceTree = "<group>"; };
		73324DB32C2712580083991F /* CommonView.swift */ = {isa = PBXFileReference; lastKnownFileType = sourcecode.swift; path = CommonView.swift; sourceTree = "<group>"; };
		73324DB52C2718CE0083991F /* NavigationHelperView.swift */ = {isa = PBXFileReference; lastKnownFileType = sourcecode.swift; path = NavigationHelperView.swift; sourceTree = "<group>"; };
		73324DB82C271AD50083991F /* DefaultRouters.swift */ = {isa = PBXFileReference; lastKnownFileType = sourcecode.swift; path = DefaultRouters.swift; sourceTree = "<group>"; };
/* End PBXFileReference section */

/* Begin PBXFrameworksBuildPhase section */
		73324D822C270A7B0083991F /* Frameworks */ = {
			isa = PBXFrameworksBuildPhase;
			buildActionMask = 2147483647;
			files = (
			);
			runOnlyForDeploymentPostprocessing = 0;
		};
/* End PBXFrameworksBuildPhase section */

/* Begin PBXGroup section */
		73324D7C2C270A7B0083991F = {
			isa = PBXGroup;
			children = (
				73324D872C270A7B0083991F /* sui-tabs-boilerplate */,
				73324D862C270A7B0083991F /* Products */,
			);
			sourceTree = "<group>";
		};
		73324D862C270A7B0083991F /* Products */ = {
			isa = PBXGroup;
			children = (
				73324D852C270A7B0083991F /* sui-tabs-boilerplate.app */,
			);
			name = Products;
			sourceTree = "<group>";
		};
		73324D872C270A7B0083991F /* sui-tabs-boilerplate */ = {
			isa = PBXGroup;
			children = (
				73324DA62C270CB60083991F /* Navigation */,
				73324DAE2C27120B0083991F /* Views */,
				73324D882C270A7B0083991F /* sui_tabs_boilerplateApp.swift */,
				73324D8A2C270A7B0083991F /* ContentView.swift */,
				73324D962C270AB10083991F /* TabsScreen.swift */,
				73324D8C2C270A7C0083991F /* Assets.xcassets */,
				73324D8E2C270A7C0083991F /* Preview Content */,
			);
			path = "sui-tabs-boilerplate";
			sourceTree = "<group>";
		};
		73324D8E2C270A7C0083991F /* Preview Content */ = {
			isa = PBXGroup;
			children = (
				73324D8F2C270A7C0083991F /* Preview Assets.xcassets */,
			);
			path = "Preview Content";
			sourceTree = "<group>";
		};
		73324D9C2C270CB60083991F /* Routers */ = {
			isa = PBXGroup;
			children = (
				73324D9A2C270CB60083991F /* Router.swift */,
				73324D9B2C270CB60083991F /* TabRouter.swift */,
			);
			path = Routers;
			sourceTree = "<group>";
		};
		73324D9E2C270CB60083991F /* Protocols */ = {
			isa = PBXGroup;
			children = (
				73324D9D2C270CB60083991F /* Routes.protocol.swift */,
			);
			path = Protocols;
			sourceTree = "<group>";
		};
		73324DA12C270CB60083991F /* Routes */ = {
			isa = PBXGroup;
			children = (
				73324D9E2C270CB60083991F /* Protocols */,
				73324D9F2C270CB60083991F /* CommonRoutes.swift */,
				73324DA02C270CB60083991F /* Routes.swift */,
			);
			path = Routes;
			sourceTree = "<group>";
		};
		73324DA32C270CB60083991F /* Protocols */ = {
			isa = PBXGroup;
			children = (
				73324DA22C270CB60083991F /* Tabs.protocol.swift */,
			);
			path = Protocols;
			sourceTree = "<group>";
		};
		73324DA52C270CB60083991F /* Tabs */ = {
			isa = PBXGroup;
			children = (
				73324DA32C270CB60083991F /* Protocols */,
				73324DA42C270CB60083991F /* Tabs.swift */,
			);
			path = Tabs;
			sourceTree = "<group>";
		};
		73324DA62C270CB60083991F /* Navigation */ = {
			isa = PBXGroup;
			children = (
				73324DB72C271ACA0083991F /* Helpers */,
				73324D9C2C270CB60083991F /* Routers */,
				73324DA12C270CB60083991F /* Routes */,
				73324DA52C270CB60083991F /* Tabs */,
			);
			path = Navigation;
			sourceTree = "<group>";
		};
		73324DAE2C27120B0083991F /* Views */ = {
			isa = PBXGroup;
			children = (
				73324DAF2C27121A0083991F /* ExampleView.swift */,
				73324DB12C2712300083991F /* ExampleViewWithData.swift */,
				73324DB32C2712580083991F /* CommonView.swift */,
				73324DB52C2718CE0083991F /* NavigationHelperView.swift */,
			);
			path = Views;
			sourceTree = "<group>";
		};
		73324DB72C271ACA0083991F /* Helpers */ = {
			isa = PBXGroup;
			children = (
				73324DB82C271AD50083991F /* DefaultRouters.swift */,
			);
			path = Helpers;
			sourceTree = "<group>";
		};
/* End PBXGroup section */

/* Begin PBXNativeTarget section */
		73324D842C270A7B0083991F /* sui-tabs-boilerplate */ = {
			isa = PBXNativeTarget;
			buildConfigurationList = 73324D932C270A7C0083991F /* Build configuration list for PBXNativeTarget "sui-tabs-boilerplate" */;
			buildPhases = (
				73324D812C270A7B0083991F /* Sources */,
				73324D822C270A7B0083991F /* Frameworks */,
				73324D832C270A7B0083991F /* Resources */,
			);
			buildRules = (
			);
			dependencies = (
			);
			name = "sui-tabs-boilerplate";
			productName = "sui-tabs-boilerplate";
			productReference = 73324D852C270A7B0083991F /* sui-tabs-boilerplate.app */;
			productType = "com.apple.product-type.application";
		};
/* End PBXNativeTarget section */

/* Begin PBXProject section */
		73324D7D2C270A7B0083991F /* Project object */ = {
			isa = PBXProject;
			attributes = {
				BuildIndependentTargetsInParallel = 1;
				LastSwiftUpdateCheck = 1540;
				LastUpgradeCheck = 1540;
				TargetAttributes = {
					73324D842C270A7B0083991F = {
						CreatedOnToolsVersion = 15.4;
					};
				};
			};
			buildConfigurationList = 73324D802C270A7B0083991F /* Build configuration list for PBXProject "sui-tabs-boilerplate" */;
			compatibilityVersion = "Xcode 14.0";
			developmentRegion = en;
			hasScannedForEncodings = 0;
			knownRegions = (
				en,
				Base,
			);
			mainGroup = 73324D7C2C270A7B0083991F;
			productRefGroup = 73324D862C270A7B0083991F /* Products */;
			projectDirPath = "";
			projectRoot = "";
			targets = (
				73324D842C270A7B0083991F /* sui-tabs-boilerplate */,
			);
		};
/* End PBXProject section */

/* Begin PBXResourcesBuildPhase section */
		73324D832C270A7B0083991F /* Resources */ = {
			isa = PBXResourcesBuildPhase;
			buildActionMask = 2147483647;
			files = (
				73324D902C270A7C0083991F /* Preview Assets.xcassets in Resources */,
				73324D8D2C270A7C0083991F /* Assets.xcassets in Resources */,
			);
			runOnlyForDeploymentPostprocessing = 0;
		};
/* End PBXResourcesBuildPhase section */

/* Begin PBXSourcesBuildPhase section */
		73324D812C270A7B0083991F /* Sources */ = {
			isa = PBXSourcesBuildPhase;
			buildActionMask = 2147483647;
			files = (
				73324DAA2C270CB60083991F /* CommonRoutes.swift in Sources */,
				73324D8B2C270A7B0083991F /* ContentView.swift in Sources */,
				73324DB92C271AD50083991F /* DefaultRouters.swift in Sources */,
				73324DB62C2718CE0083991F /* NavigationHelperView.swift in Sources */,
				73324D892C270A7B0083991F /* sui_tabs_boilerplateApp.swift in Sources */,
				73324DB02C27121A0083991F /* ExampleView.swift in Sources */,
				73324DA82C270CB60083991F /* TabRouter.swift in Sources */,
				73324DAD2C270CB60083991F /* Tabs.swift in Sources */,
				73324DAB2C270CB60083991F /* Routes.swift in Sources */,
				73324DA92C270CB60083991F /* Routes.protocol.swift in Sources */,
				73324DA72C270CB60083991F /* Router.swift in Sources */,
				73324DB22C2712300083991F /* ExampleViewWithData.swift in Sources */,
				73324DB42C2712580083991F /* CommonView.swift in Sources */,
				73324DAC2C270CB60083991F /* Tabs.protocol.swift in Sources */,
				73324D972C270AB10083991F /* TabsScreen.swift in Sources */,
			);
			runOnlyForDeploymentPostprocessing = 0;
		};
/* End PBXSourcesBuildPhase section */

/* Begin XCBuildConfiguration section */
		73324D912C270A7C0083991F /* Debug */ = {
			isa = XCBuildConfiguration;
			buildSettings = {
				ALWAYS_SEARCH_USER_PATHS = NO;
				ASSETCATALOG_COMPILER_GENERATE_SWIFT_ASSET_SYMBOL_EXTENSIONS = YES;
				CLANG_ANALYZER_NONNULL = YES;
				CLANG_ANALYZER_NUMBER_OBJECT_CONVERSION = YES_AGGRESSIVE;
				CLANG_CXX_LANGUAGE_STANDARD = "gnu++20";
				CLANG_ENABLE_MODULES = YES;
				CLANG_ENABLE_OBJC_ARC = YES;
				CLANG_ENABLE_OBJC_WEAK = YES;
				CLANG_WARN_BLOCK_CAPTURE_AUTORELEASING = YES;
				CLANG_WARN_BOOL_CONVERSION = YES;
				CLANG_WARN_COMMA = YES;
				CLANG_WARN_CONSTANT_CONVERSION = YES;
				CLANG_WARN_DEPRECATED_OBJC_IMPLEMENTATIONS = YES;
				CLANG_WARN_DIRECT_OBJC_ISA_USAGE = YES_ERROR;
				CLANG_WARN_DOCUMENTATION_COMMENTS = YES;
				CLANG_WARN_EMPTY_BODY = YES;
				CLANG_WARN_ENUM_CONVERSION = YES;
				CLANG_WARN_INFINITE_RECURSION = YES;
				CLANG_WARN_INT_CONVERSION = YES;
				CLANG_WARN_NON_LITERAL_NULL_CONVERSION = YES;
				CLANG_WARN_OBJC_IMPLICIT_RETAIN_SELF = YES;
				CLANG_WARN_OBJC_LITERAL_CONVERSION = YES;
				CLANG_WARN_OBJC_ROOT_CLASS = YES_ERROR;
				CLANG_WARN_QUOTED_INCLUDE_IN_FRAMEWORK_HEADER = YES;
				CLANG_WARN_RANGE_LOOP_ANALYSIS = YES;
				CLANG_WARN_STRICT_PROTOTYPES = YES;
				CLANG_WARN_SUSPICIOUS_MOVE = YES;
				CLANG_WARN_UNGUARDED_AVAILABILITY = YES_AGGRESSIVE;
				CLANG_WARN_UNREACHABLE_CODE = YES;
				CLANG_WARN__DUPLICATE_METHOD_MATCH = YES;
				COPY_PHASE_STRIP = NO;
				DEBUG_INFORMATION_FORMAT = dwarf;
				ENABLE_STRICT_OBJC_MSGSEND = YES;
				ENABLE_TESTABILITY = YES;
				ENABLE_USER_SCRIPT_SANDBOXING = YES;
				GCC_C_LANGUAGE_STANDARD = gnu17;
				GCC_DYNAMIC_NO_PIC = NO;
				GCC_NO_COMMON_BLOCKS = YES;
				GCC_OPTIMIZATION_LEVEL = 0;
				GCC_PREPROCESSOR_DEFINITIONS = (
					"DEBUG=1",
					"$(inherited)",
				);
				GCC_WARN_64_TO_32_BIT_CONVERSION = YES;
				GCC_WARN_ABOUT_RETURN_TYPE = YES_ERROR;
				GCC_WARN_UNDECLARED_SELECTOR = YES;
				GCC_WARN_UNINITIALIZED_AUTOS = YES_AGGRESSIVE;
				GCC_WARN_UNUSED_FUNCTION = YES;
				GCC_WARN_UNUSED_VARIABLE = YES;
				IPHONEOS_DEPLOYMENT_TARGET = 17.5;
				LOCALIZATION_PREFERS_STRING_CATALOGS = YES;
				MTL_ENABLE_DEBUG_INFO = INCLUDE_SOURCE;
				MTL_FAST_MATH = YES;
				ONLY_ACTIVE_ARCH = YES;
				SDKROOT = iphoneos;
				SWIFT_ACTIVE_COMPILATION_CONDITIONS = "DEBUG $(inherited)";
				SWIFT_OPTIMIZATION_LEVEL = "-Onone";
			};
			name = Debug;
		};
		73324D922C270A7C0083991F /* Release */ = {
			isa = XCBuildConfiguration;
			buildSettings = {
				ALWAYS_SEARCH_USER_PATHS = NO;
				ASSETCATALOG_COMPILER_GENERATE_SWIFT_ASSET_SYMBOL_EXTENSIONS = YES;
				CLANG_ANALYZER_NONNULL = YES;
				CLANG_ANALYZER_NUMBER_OBJECT_CONVERSION = YES_AGGRESSIVE;
				CLANG_CXX_LANGUAGE_STANDARD = "gnu++20";
				CLANG_ENABLE_MODULES = YES;
				CLANG_ENABLE_OBJC_ARC = YES;
				CLANG_ENABLE_OBJC_WEAK = YES;
				CLANG_WARN_BLOCK_CAPTURE_AUTORELEASING = YES;
				CLANG_WARN_BOOL_CONVERSION = YES;
				CLANG_WARN_COMMA = YES;
				CLANG_WARN_CONSTANT_CONVERSION = YES;
				CLANG_WARN_DEPRECATED_OBJC_IMPLEMENTATIONS = YES;
				CLANG_WARN_DIRECT_OBJC_ISA_USAGE = YES_ERROR;
				CLANG_WARN_DOCUMENTATION_COMMENTS = YES;
				CLANG_WARN_EMPTY_BODY = YES;
				CLANG_WARN_ENUM_CONVERSION = YES;
				CLANG_WARN_INFINITE_RECURSION = YES;
				CLANG_WARN_INT_CONVERSION = YES;
				CLANG_WARN_NON_LITERAL_NULL_CONVERSION = YES;
				CLANG_WARN_OBJC_IMPLICIT_RETAIN_SELF = YES;
				CLANG_WARN_OBJC_LITERAL_CONVERSION = YES;
				CLANG_WARN_OBJC_ROOT_CLASS = YES_ERROR;
				CLANG_WARN_QUOTED_INCLUDE_IN_FRAMEWORK_HEADER = YES;
				CLANG_WARN_RANGE_LOOP_ANALYSIS = YES;
				CLANG_WARN_STRICT_PROTOTYPES = YES;
				CLANG_WARN_SUSPICIOUS_MOVE = YES;
				CLANG_WARN_UNGUARDED_AVAILABILITY = YES_AGGRESSIVE;
				CLANG_WARN_UNREACHABLE_CODE = YES;
				CLANG_WARN__DUPLICATE_METHOD_MATCH = YES;
				COPY_PHASE_STRIP = NO;
				DEBUG_INFORMATION_FORMAT = "dwarf-with-dsym";
				ENABLE_NS_ASSERTIONS = NO;
				ENABLE_STRICT_OBJC_MSGSEND = YES;
				ENABLE_USER_SCRIPT_SANDBOXING = YES;
				GCC_C_LANGUAGE_STANDARD = gnu17;
				GCC_NO_COMMON_BLOCKS = YES;
				GCC_WARN_64_TO_32_BIT_CONVERSION = YES;
				GCC_WARN_ABOUT_RETURN_TYPE = YES_ERROR;
				GCC_WARN_UNDECLARED_SELECTOR = YES;
				GCC_WARN_UNINITIALIZED_AUTOS = YES_AGGRESSIVE;
				GCC_WARN_UNUSED_FUNCTION = YES;
				GCC_WARN_UNUSED_VARIABLE = YES;
				IPHONEOS_DEPLOYMENT_TARGET = 17.5;
				LOCALIZATION_PREFERS_STRING_CATALOGS = YES;
				MTL_ENABLE_DEBUG_INFO = NO;
				MTL_FAST_MATH = YES;
				SDKROOT = iphoneos;
				SWIFT_COMPILATION_MODE = wholemodule;
				VALIDATE_PRODUCT = YES;
			};
			name = Release;
		};
		73324D942C270A7C0083991F /* Debug */ = {
			isa = XCBuildConfiguration;
			buildSettings = {
				ASSETCATALOG_COMPILER_APPICON_NAME = AppIcon;
				ASSETCATALOG_COMPILER_GLOBAL_ACCENT_COLOR_NAME = AccentColor;
				CODE_SIGN_STYLE = Automatic;
				CURRENT_PROJECT_VERSION = 1;
				DEVELOPMENT_ASSET_PATHS = "\"sui-tabs-boilerplate/Preview Content\"";
				ENABLE_PREVIEWS = YES;
				GENERATE_INFOPLIST_FILE = YES;
				INFOPLIST_KEY_UIApplicationSceneManifest_Generation = YES;
				INFOPLIST_KEY_UIApplicationSupportsIndirectInputEvents = YES;
				INFOPLIST_KEY_UILaunchScreen_Generation = YES;
				INFOPLIST_KEY_UISupportedInterfaceOrientations_iPad = "UIInterfaceOrientationPortrait UIInterfaceOrientationPortraitUpsideDown UIInterfaceOrientationLandscapeLeft UIInterfaceOrientationLandscapeRight";
				INFOPLIST_KEY_UISupportedInterfaceOrientations_iPhone = "UIInterfaceOrientationPortrait UIInterfaceOrientationLandscapeLeft UIInterfaceOrientationLandscapeRight";
				LD_RUNPATH_SEARCH_PATHS = (
					"$(inherited)",
					"@executable_path/Frameworks",
				);
				MARKETING_VERSION = 1.0;
				PRODUCT_BUNDLE_IDENTIFIER = "ioannis.papamichail.sui-tabs-boilerplate";
				PRODUCT_NAME = "$(TARGET_NAME)";
				SWIFT_EMIT_LOC_STRINGS = YES;
				SWIFT_VERSION = 5.0;
				TARGETED_DEVICE_FAMILY = "1,2";
			};
			name = Debug;
		};
		73324D952C270A7C0083991F /* Release */ = {
			isa = XCBuildConfiguration;
			buildSettings = {
				ASSETCATALOG_COMPILER_APPICON_NAME = AppIcon;
				ASSETCATALOG_COMPILER_GLOBAL_ACCENT_COLOR_NAME = AccentColor;
				CODE_SIGN_STYLE = Automatic;
				CURRENT_PROJECT_VERSION = 1;
				DEVELOPMENT_ASSET_PATHS = "\"sui-tabs-boilerplate/Preview Content\"";
				ENABLE_PREVIEWS = YES;
				GENERATE_INFOPLIST_FILE = YES;
				INFOPLIST_KEY_UIApplicationSceneManifest_Generation = YES;
				INFOPLIST_KEY_UIApplicationSupportsIndirectInputEvents = YES;
				INFOPLIST_KEY_UILaunchScreen_Generation = YES;
				INFOPLIST_KEY_UISupportedInterfaceOrientations_iPad = "UIInterfaceOrientationPortrait UIInterfaceOrientationPortraitUpsideDown UIInterfaceOrientationLandscapeLeft UIInterfaceOrientationLandscapeRight";
				INFOPLIST_KEY_UISupportedInterfaceOrientations_iPhone = "UIInterfaceOrientationPortrait UIInterfaceOrientationLandscapeLeft UIInterfaceOrientationLandscapeRight";
				LD_RUNPATH_SEARCH_PATHS = (
					"$(inherited)",
					"@executable_path/Frameworks",
				);
				MARKETING_VERSION = 1.0;
				PRODUCT_BUNDLE_IDENTIFIER = "ioannis.papamichail.sui-tabs-boilerplate";
				PRODUCT_NAME = "$(TARGET_NAME)";
				SWIFT_EMIT_LOC_STRINGS = YES;
				SWIFT_VERSION = 5.0;
				TARGETED_DEVICE_FAMILY = "1,2";
			};
			name = Release;
		};
/* End XCBuildConfiguration section */

/* Begin XCConfigurationList section */
		73324D802C270A7B0083991F /* Build configuration list for PBXProject "sui-tabs-boilerplate" */ = {
			isa = XCConfigurationList;
			buildConfigurations = (
				73324D912C270A7C0083991F /* Debug */,
				73324D922C270A7C0083991F /* Release */,
			);
			defaultConfigurationIsVisible = 0;
			defaultConfigurationName = Release;
		};
		73324D932C270A7C0083991F /* Build configuration list for PBXNativeTarget "sui-tabs-boilerplate" */ = {
			isa = XCConfigurationList;
			buildConfigurations = (
				73324D942C270A7C0083991F /* Debug */,
				73324D952C270A7C0083991F /* Release */,
			);
			defaultConfigurationIsVisible = 0;
			defaultConfigurationName = Release;
		};
/* End XCConfigurationList section */
	};
	rootObject = 73324D7D2C270A7B0083991F /* Project object */;
}
